
Microsoft Visual Studio Solution File, Format Version 12.00
# Visual Studio 15
VisualStudioVersion = 15.0.27130.2027
MinimumVisualStudioVersion = 10.0.40219.1
Project("{00D1A9C2-B5F0-4AF3-8072-F6C62B433612}") = "DBI", "DBI.sqlproj", "{061C053B-549A-4191-A7F6-CAF43D355434}"
EndProject
Project("{2150E333-8FDC-42A3-9474-1A3956D46DE8}") = "Books", "Books", "{AA19E34E-C346-42A7-B9F5-2FB0DB0A648A}"
	ProjectSection(SolutionItems) = preProject
		BooksDB\create.sql = BooksDB\create.sql
	EndProjectSection
EndProject
Global
	GlobalSection(SolutionConfigurationPlatforms) = preSolution
		Debug|Any CPU = Debug|Any CPU
		Release|Any CPU = Release|Any CPU
	EndGlobalSection
	GlobalSection(ProjectConfigurationPlatforms) = postSolution
		{061C053B-549A-4191-A7F6-CAF43D355434}.Debug|Any CPU.ActiveCfg = Debug|Any CPU
		{061C053B-549A-4191-A7F6-CAF43D355434}.Debug|Any CPU.Build.0 = Debug|Any CPU
		{061C053B-549A-4191-A7F6-CAF43D355434}.Debug|Any CPU.Deploy.0 = Debug|Any CPU
		{061C053B-549A-4191-A7F6-CAF43D355434}.Release|Any CPU.ActiveCfg = Release|Any CPU
		{061C053B-549A-4191-A7F6-CAF43D355434}.Release|Any CPU.Build.0 = Release|Any CPU
		{061C053B-549A-4191-A7F6-CAF43D355434}.Release|Any CPU.Deploy.0 = Release|Any CPU
	EndGlobalSection
	GlobalSection(SolutionProperties) = preSolution
		HideSolutionNode = FALSE
	EndGlobalSection
	GlobalSection(ExtensibilityGlobals) = postSolution
		SolutionGuid = {4BCFB9C8-319F-4BFC-8EF7-25A60E25EC43}
	EndGlobalSection
EndGlobal
